
Microsoft Visual Studio Solution File, Format Version 12.00
# Visual Studio Version 17
VisualStudioVersion = 17.0.32014.148
MinimumVisualStudioVersion = 10.0.40219.1
Project("{FAE04EC0-301F-11D3-BF4B-00C04F79EFBC}") = "WordLearningApp", "WordLearningApp\WordLearningApp.csproj", "{D626DB30-ADBD-4F6B-B97D-E4A184875FFE}"
EndProject
Global
	GlobalSection(SolutionConfigurationPlatforms) = preSolution
		Debug|Any CPU = Debug|Any CPU
		Release|Any CPU = Release|Any CPU
	EndGlobalSection
	GlobalSection(ProjectConfigurationPlatforms) = postSolution
		{D626DB30-ADBD-4F6B-B97D-E4A184875FFE}.Debug|Any CPU.ActiveCfg = Debug|Any CPU
		{D626DB30-ADBD-4F6B-B97D-E4A184875FFE}.Debug|Any CPU.Build.0 = Debug|Any CPU
		{D626DB30-ADBD-4F6B-B97D-E4A184875FFE}.Release|Any CPU.ActiveCfg = Release|Any CPU
		{D626DB30-ADBD-4F6B-B97D-E4A184875FFE}.Release|Any CPU.Build.0 = Release|Any CPU
	EndGlobalSection
	GlobalSection(SolutionProperties) = preSolution
		HideSolutionNode = FALSE
	EndGlobalSection
	GlobalSection(ExtensibilityGlobals) = postSolution
		SolutionGuid = {E1F88205-C61B-44D5-AC44-7B950F206717}
	EndGlobalSection
EndGlobal
